
Microsoft Visual Studio Solution File, Format Version 12.00
# Visual Studio Version 17
VisualStudioVersion = 17.5.002.0
MinimumVisualStudioVersion = 10.0.40219.1
Project("{9A19103F-16F7-4668-BE54-9A1E7A4F7556}") = "AuctionSystem", "AuctionSystem.csproj", "{F974D15D-1F35-4526-A309-1B5B55704924}"
EndProject
Global
	GlobalSection(SolutionConfigurationPlatforms) = preSolution
		Debug|Any CPU = Debug|Any CPU
		Release|Any CPU = Release|Any CPU
	EndGlobalSection
	GlobalSection(ProjectConfigurationPlatforms) = postSolution
		{F974D15D-1F35-4526-A309-1B5B55704924}.Debug|Any CPU.ActiveCfg = Debug|Any CPU
		{F974D15D-1F35-4526-A309-1B5B55704924}.Debug|Any CPU.Build.0 = Debug|Any CPU
		{F974D15D-1F35-4526-A309-1B5B55704924}.Release|Any CPU.ActiveCfg = Release|Any CPU
		{F974D15D-1F35-4526-A309-1B5B55704924}.Release|Any CPU.Build.0 = Release|Any CPU
	EndGlobalSection
	GlobalSection(SolutionProperties) = preSolution
		HideSolutionNode = FALSE
	EndGlobalSection
	GlobalSection(ExtensibilityGlobals) = postSolution
		SolutionGuid = {D934A5A3-391F-467F-941D-3249B1F6C32D}
	EndGlobalSection
EndGlobal
